// !$*UTF8*$!
{
	archiveVersion = 1;
	classes = {
	};
	objectVersion = 56;
	objects = {

/* Begin PBXBuildFile section */
		FA2409F22B585FDC0024DEFC /* CustomScrollView.swift in Sources */ = {isa = PBXBuildFile; fileRef = FA2409F12B585FDC0024DEFC /* CustomScrollView.swift */; };
		FA2409F42B58624A0024DEFC /* ParallaxImage.swift in Sources */ = {isa = PBXBuildFile; fileRef = FA2409F32B58624A0024DEFC /* ParallaxImage.swift */; };
		FA2409F72B587AC80024DEFC /* FirstScreenContents.swift in Sources */ = {isa = PBXBuildFile; fileRef = FA2409F62B587AC80024DEFC /* FirstScreenContents.swift */; };
		FA2409FA2B5883F10024DEFC /* NegativeTitle.swift in Sources */ = {isa = PBXBuildFile; fileRef = FA2409F92B5883F10024DEFC /* NegativeTitle.swift */; };
		FA2F00512B559D7C00125AD9 /* Text+Extension.swift in Sources */ = {isa = PBXBuildFile; fileRef = FA2F00502B559D7C00125AD9 /* Text+Extension.swift */; };
		FA2F00562B55AE7900125AD9 /* ScrollView.swift in Sources */ = {isa = PBXBuildFile; fileRef = FA2F00552B55AE7900125AD9 /* ScrollView.swift */; };
		FA605B722B55580A0046AB81 /* LE_MMA_style_pageApp.swift in Sources */ = {isa = PBXBuildFile; fileRef = FA605B712B55580A0046AB81 /* LE_MMA_style_pageApp.swift */; };
		FA605B742B55580A0046AB81 /* ContentView.swift in Sources */ = {isa = PBXBuildFile; fileRef = FA605B732B55580A0046AB81 /* ContentView.swift */; };
		FA605B762B55580B0046AB81 /* Assets.xcassets in Resources */ = {isa = PBXBuildFile; fileRef = FA605B752B55580B0046AB81 /* Assets.xcassets */; };
		FA605B792B55580B0046AB81 /* Preview Assets.xcassets in Resources */ = {isa = PBXBuildFile; fileRef = FA605B782B55580B0046AB81 /* Preview Assets.xcassets */; };
		FAEF6E1C2B5B210E003BE956 /* viewWillDisappear.swift in Sources */ = {isa = PBXBuildFile; fileRef = FAEF6E1B2B5B210E003BE956 /* viewWillDisappear.swift */; };
		FAEF6E1F2B5C4ECF003BE956 /* Inject in Frameworks */ = {isa = PBXBuildFile; productRef = FAEF6E1E2B5C4ECF003BE956 /* Inject */; };
		FAEF6E212B5C6B0E003BE956 /* SecondScreenContents.swift in Sources */ = {isa = PBXBuildFile; fileRef = FAEF6E202B5C6B0E003BE956 /* SecondScreenContents.swift */; };
/* End PBXBuildFile section */

/* Begin PBXFileReference section */
		FA2409F12B585FDC0024DEFC /* CustomScrollView.swift */ = {isa = PBXFileReference; lastKnownFileType = sourcecode.swift; path = CustomScrollView.swift; sourceTree = "<group>"; };
		FA2409F32B58624A0024DEFC /* ParallaxImage.swift */ = {isa = PBXFileReference; lastKnownFileType = sourcecode.swift; path = ParallaxImage.swift; sourceTree = "<group>"; };
		FA2409F62B587AC80024DEFC /* FirstScreenContents.swift */ = {isa = PBXFileReference; lastKnownFileType = sourcecode.swift; path = FirstScreenContents.swift; sourceTree = "<group>"; };
		FA2409F92B5883F10024DEFC /* NegativeTitle.swift */ = {isa = PBXFileReference; lastKnownFileType = sourcecode.swift; path = NegativeTitle.swift; sourceTree = "<group>"; };
		FA2F00502B559D7C00125AD9 /* Text+Extension.swift */ = {isa = PBXFileReference; lastKnownFileType = sourcecode.swift; path = "Text+Extension.swift"; sourceTree = "<group>"; };
		FA2F00552B55AE7900125AD9 /* ScrollView.swift */ = {isa = PBXFileReference; lastKnownFileType = sourcecode.swift; path = ScrollView.swift; sourceTree = "<group>"; };
		FA605B6E2B55580A0046AB81 /* LE-MMA-style-page.app */ = {isa = PBXFileReference; explicitFileType = wrapper.application; includeInIndex = 0; path = "LE-MMA-style-page.app"; sourceTree = BUILT_PRODUCTS_DIR; };
		FA605B712B55580A0046AB81 /* LE_MMA_style_pageApp.swift */ = {isa = PBXFileReference; lastKnownFileType = sourcecode.swift; path = LE_MMA_style_pageApp.swift; sourceTree = "<group>"; };
		FA605B732B55580A0046AB81 /* ContentView.swift */ = {isa = PBXFileReference; lastKnownFileType = sourcecode.swift; path = ContentView.swift; sourceTree = "<group>"; };
		FA605B752B55580B0046AB81 /* Assets.xcassets */ = {isa = PBXFileReference; lastKnownFileType = folder.assetcatalog; path = Assets.xcassets; sourceTree = "<group>"; };
		FA605B782B55580B0046AB81 /* Preview Assets.xcassets */ = {isa = PBXFileReference; lastKnownFileType = folder.assetcatalog; path = "Preview Assets.xcassets"; sourceTree = "<group>"; };
		FAEF6E1B2B5B210E003BE956 /* viewWillDisappear.swift */ = {isa = PBXFileReference; lastKnownFileType = sourcecode.swift; path = viewWillDisappear.swift; sourceTree = "<group>"; };
		FAEF6E202B5C6B0E003BE956 /* SecondScreenContents.swift */ = {isa = PBXFileReference; lastKnownFileType = sourcecode.swift; path = SecondScreenContents.swift; sourceTree = "<group>"; };
/* End PBXFileReference section */

/* Begin PBXFrameworksBuildPhase section */
		FA605B6B2B55580A0046AB81 /* Frameworks */ = {
			isa = PBXFrameworksBuildPhase;
			buildActionMask = 2147483647;
			files = (
				FAEF6E1F2B5C4ECF003BE956 /* Inject in Frameworks */,
			);
			runOnlyForDeploymentPostprocessing = 0;
		};
/* End PBXFrameworksBuildPhase section */

/* Begin PBXGroup section */
		FA2409F52B587AA60024DEFC /* ScreenContents */ = {
			isa = PBXGroup;
			children = (
				FA2409F62B587AC80024DEFC /* FirstScreenContents.swift */,
				FAEF6E202B5C6B0E003BE956 /* SecondScreenContents.swift */,
			);
			path = ScreenContents;
			sourceTree = "<group>";
		};
		FA2409F82B5883DE0024DEFC /* Components */ = {
			isa = PBXGroup;
			children = (
				FA2409F92B5883F10024DEFC /* NegativeTitle.swift */,
			);
			path = Components;
			sourceTree = "<group>";
		};
		FA605B652B55580A0046AB81 = {
			isa = PBXGroup;
			children = (
				FA605B702B55580A0046AB81 /* LE-MMA-style-page */,
				FA605B6F2B55580A0046AB81 /* Products */,
			);
			sourceTree = "<group>";
		};
		FA605B6F2B55580A0046AB81 /* Products */ = {
			isa = PBXGroup;
			children = (
				FA605B6E2B55580A0046AB81 /* LE-MMA-style-page.app */,
			);
			name = Products;
			sourceTree = "<group>";
		};
		FA605B702B55580A0046AB81 /* LE-MMA-style-page */ = {
			isa = PBXGroup;
			children = (
				FA605B712B55580A0046AB81 /* LE_MMA_style_pageApp.swift */,
				FA605B732B55580A0046AB81 /* ContentView.swift */,
				FA2F00502B559D7C00125AD9 /* Text+Extension.swift */,
				FA2409F12B585FDC0024DEFC /* CustomScrollView.swift */,
				FA2409F82B5883DE0024DEFC /* Components */,
				FA2409F52B587AA60024DEFC /* ScreenContents */,
				FA2409F32B58624A0024DEFC /* ParallaxImage.swift */,
				FAEF6E222B5C6DAF003BE956 /* Extensions */,
				FA2F00552B55AE7900125AD9 /* ScrollView.swift */,
				FA605B752B55580B0046AB81 /* Assets.xcassets */,
				FA605B772B55580B0046AB81 /* Preview Content */,
			);
			path = "LE-MMA-style-page";
			sourceTree = "<group>";
		};
		FA605B772B55580B0046AB81 /* Preview Content */ = {
			isa = PBXGroup;
			children = (
				FA605B782B55580B0046AB81 /* Preview Assets.xcassets */,
			);
			path = "Preview Content";
			sourceTree = "<group>";
		};
		FAEF6E222B5C6DAF003BE956 /* Extensions */ = {
			isa = PBXGroup;
			children = (
				FAEF6E1B2B5B210E003BE956 /* viewWillDisappear.swift */,
			);
			path = Extensions;
			sourceTree = "<group>";
		};
/* End PBXGroup section */

/* Begin PBXNativeTarget section */
		FA605B6D2B55580A0046AB81 /* LE-MMA-style-page */ = {
			isa = PBXNativeTarget;
			buildConfigurationList = FA605B7C2B55580B0046AB81 /* Build configuration list for PBXNativeTarget "LE-MMA-style-page" */;
			buildPhases = (
				FA605B6A2B55580A0046AB81 /* Sources */,
				FA605B6B2B55580A0046AB81 /* Frameworks */,
				FA605B6C2B55580A0046AB81 /* Resources */,
				FA605B842B555F050046AB81 /* ShellScript */,
			);
			buildRules = (
			);
			dependencies = (
			);
			name = "LE-MMA-style-page";
			packageProductDependencies = (
				FAEF6E1E2B5C4ECF003BE956 /* Inject */,
			);
			productName = "LE-MMA-style-page";
			productReference = FA605B6E2B55580A0046AB81 /* LE-MMA-style-page.app */;
			productType = "com.apple.product-type.application";
		};
/* End PBXNativeTarget section */

/* Begin PBXProject section */
		FA605B662B55580A0046AB81 /* Project object */ = {
			isa = PBXProject;
			attributes = {
				BuildIndependentTargetsInParallel = 1;
				LastSwiftUpdateCheck = 1500;
				LastUpgradeCheck = 1500;
				TargetAttributes = {
					FA605B6D2B55580A0046AB81 = {
						CreatedOnToolsVersion = 15.0.1;
					};
				};
			};
			buildConfigurationList = FA605B692B55580A0046AB81 /* Build configuration list for PBXProject "LE-MMA-style-page" */;
			compatibilityVersion = "Xcode 14.0";
			developmentRegion = en;
			hasScannedForEncodings = 0;
			knownRegions = (
				en,
				Base,
			);
			mainGroup = FA605B652B55580A0046AB81;
			packageReferences = (
				FA605B7F2B555EF80046AB81 /* XCRemoteSwiftPackageReference "SwiftLint" */,
				FA2F00522B55A36000125AD9 /* XCRemoteSwiftPackageReference "SwiftFX" */,
				FAEF6E1D2B5C4ECF003BE956 /* XCRemoteSwiftPackageReference "Inject" */,
			);
			productRefGroup = FA605B6F2B55580A0046AB81 /* Products */;
			projectDirPath = "";
			projectRoot = "";
			targets = (
				FA605B6D2B55580A0046AB81 /* LE-MMA-style-page */,
			);
		};
/* End PBXProject section */

/* Begin PBXResourcesBuildPhase section */
		FA605B6C2B55580A0046AB81 /* Resources */ = {
			isa = PBXResourcesBuildPhase;
			buildActionMask = 2147483647;
			files = (
				FA605B792B55580B0046AB81 /* Preview Assets.xcassets in Resources */,
				FA605B762B55580B0046AB81 /* Assets.xcassets in Resources */,
			);
			runOnlyForDeploymentPostprocessing = 0;
		};
/* End PBXResourcesBuildPhase section */

/* Begin PBXShellScriptBuildPhase section */
		FA605B842B555F050046AB81 /* ShellScript */ = {
			isa = PBXShellScriptBuildPhase;
			alwaysOutOfDate = 1;
			buildActionMask = 2147483647;
			files = (
			);
			inputFileListPaths = (
			);
			inputPaths = (
			);
			outputFileListPaths = (
			);
			outputPaths = (
			);
			runOnlyForDeploymentPostprocessing = 0;
			shellPath = /bin/sh;
			shellScript = "# Type a script or drag a script file from your workspace to insert its path.\nif which swiftlint >/dev/null; then\n  swiftlint --fix && swiftlint\nelse\n  echo \"warning: SwiftLint not installed\"\nfi\n";
		};
/* End PBXShellScriptBuildPhase section */

/* Begin PBXSourcesBuildPhase section */
		FA605B6A2B55580A0046AB81 /* Sources */ = {
			isa = PBXSourcesBuildPhase;
			buildActionMask = 2147483647;
			files = (
				FAEF6E1C2B5B210E003BE956 /* viewWillDisappear.swift in Sources */,
				FAEF6E212B5C6B0E003BE956 /* SecondScreenContents.swift in Sources */,
				FA605B742B55580A0046AB81 /* ContentView.swift in Sources */,
				FA2F00562B55AE7900125AD9 /* ScrollView.swift in Sources */,
				FA2409F42B58624A0024DEFC /* ParallaxImage.swift in Sources */,
				FA2409FA2B5883F10024DEFC /* NegativeTitle.swift in Sources */,
				FA2F00512B559D7C00125AD9 /* Text+Extension.swift in Sources */,
				FA605B722B55580A0046AB81 /* LE_MMA_style_pageApp.swift in Sources */,
				FA2409F22B585FDC0024DEFC /* CustomScrollView.swift in Sources */,
				FA2409F72B587AC80024DEFC /* FirstScreenContents.swift in Sources */,
			);
			runOnlyForDeploymentPostprocessing = 0;
		};
/* End PBXSourcesBuildPhase section */

/* Begin XCBuildConfiguration section */
		FA605B7A2B55580B0046AB81 /* Debug */ = {
			isa = XCBuildConfiguration;
			buildSettings = {
				ALWAYS_SEARCH_USER_PATHS = NO;
				ASSETCATALOG_COMPILER_GENERATE_SWIFT_ASSET_SYMBOL_EXTENSIONS = YES;
				CLANG_ANALYZER_NONNULL = YES;
				CLANG_ANALYZER_NUMBER_OBJECT_CONVERSION = YES_AGGRESSIVE;
				CLANG_CXX_LANGUAGE_STANDARD = "gnu++20";
				CLANG_ENABLE_MODULES = YES;
				CLANG_ENABLE_OBJC_ARC = YES;
				CLANG_ENABLE_OBJC_WEAK = YES;
				CLANG_WARN_BLOCK_CAPTURE_AUTORELEASING = YES;
				CLANG_WARN_BOOL_CONVERSION = YES;
				CLANG_WARN_COMMA = YES;
				CLANG_WARN_CONSTANT_CONVERSION = YES;
				CLANG_WARN_DEPRECATED_OBJC_IMPLEMENTATIONS = YES;
				CLANG_WARN_DIRECT_OBJC_ISA_USAGE = YES_ERROR;
				CLANG_WARN_DOCUMENTATION_COMMENTS = YES;
				CLANG_WARN_EMPTY_BODY = YES;
				CLANG_WARN_ENUM_CONVERSION = YES;
				CLANG_WARN_INFINITE_RECURSION = YES;
				CLANG_WARN_INT_CONVERSION = YES;
				CLANG_WARN_NON_LITERAL_NULL_CONVERSION = YES;
				CLANG_WARN_OBJC_IMPLICIT_RETAIN_SELF = YES;
				CLANG_WARN_OBJC_LITERAL_CONVERSION = YES;
				CLANG_WARN_OBJC_ROOT_CLASS = YES_ERROR;
				CLANG_WARN_QUOTED_INCLUDE_IN_FRAMEWORK_HEADER = YES;
				CLANG_WARN_RANGE_LOOP_ANALYSIS = YES;
				CLANG_WARN_STRICT_PROTOTYPES = YES;
				CLANG_WARN_SUSPICIOUS_MOVE = YES;
				CLANG_WARN_UNGUARDED_AVAILABILITY = YES_AGGRESSIVE;
				CLANG_WARN_UNREACHABLE_CODE = YES;
				CLANG_WARN__DUPLICATE_METHOD_MATCH = YES;
				COPY_PHASE_STRIP = NO;
				DEBUG_INFORMATION_FORMAT = dwarf;
				ENABLE_STRICT_OBJC_MSGSEND = YES;
				ENABLE_TESTABILITY = YES;
				ENABLE_USER_SCRIPT_SANDBOXING = YES;
				GCC_C_LANGUAGE_STANDARD = gnu17;
				GCC_DYNAMIC_NO_PIC = NO;
				GCC_NO_COMMON_BLOCKS = YES;
				GCC_OPTIMIZATION_LEVEL = 0;
				GCC_PREPROCESSOR_DEFINITIONS = (
					"DEBUG=1",
					"$(inherited)",
				);
				GCC_WARN_64_TO_32_BIT_CONVERSION = YES;
				GCC_WARN_ABOUT_RETURN_TYPE = YES_ERROR;
				GCC_WARN_UNDECLARED_SELECTOR = YES;
				GCC_WARN_UNINITIALIZED_AUTOS = YES_AGGRESSIVE;
				GCC_WARN_UNUSED_FUNCTION = YES;
				GCC_WARN_UNUSED_VARIABLE = YES;
				IPHONEOS_DEPLOYMENT_TARGET = 17.0;
				LOCALIZATION_PREFERS_STRING_CATALOGS = YES;
				MTL_ENABLE_DEBUG_INFO = INCLUDE_SOURCE;
				MTL_FAST_MATH = YES;
				ONLY_ACTIVE_ARCH = YES;
				SDKROOT = iphoneos;
				SWIFT_ACTIVE_COMPILATION_CONDITIONS = "DEBUG $(inherited)";
				SWIFT_OPTIMIZATION_LEVEL = "-Onone";
			};
			name = Debug;
		};
		FA605B7B2B55580B0046AB81 /* Release */ = {
			isa = XCBuildConfiguration;
			buildSettings = {
				ALWAYS_SEARCH_USER_PATHS = NO;
				ASSETCATALOG_COMPILER_GENERATE_SWIFT_ASSET_SYMBOL_EXTENSIONS = YES;
				CLANG_ANALYZER_NONNULL = YES;
				CLANG_ANALYZER_NUMBER_OBJECT_CONVERSION = YES_AGGRESSIVE;
				CLANG_CXX_LANGUAGE_STANDARD = "gnu++20";
				CLANG_ENABLE_MODULES = YES;
				CLANG_ENABLE_OBJC_ARC = YES;
				CLANG_ENABLE_OBJC_WEAK = YES;
				CLANG_WARN_BLOCK_CAPTURE_AUTORELEASING = YES;
				CLANG_WARN_BOOL_CONVERSION = YES;
				CLANG_WARN_COMMA = YES;
				CLANG_WARN_CONSTANT_CONVERSION = YES;
				CLANG_WARN_DEPRECATED_OBJC_IMPLEMENTATIONS = YES;
				CLANG_WARN_DIRECT_OBJC_ISA_USAGE = YES_ERROR;
				CLANG_WARN_DOCUMENTATION_COMMENTS = YES;
				CLANG_WARN_EMPTY_BODY = YES;
				CLANG_WARN_ENUM_CONVERSION = YES;
				CLANG_WARN_INFINITE_RECURSION = YES;
				CLANG_WARN_INT_CONVERSION = YES;
				CLANG_WARN_NON_LITERAL_NULL_CONVERSION = YES;
				CLANG_WARN_OBJC_IMPLICIT_RETAIN_SELF = YES;
				CLANG_WARN_OBJC_LITERAL_CONVERSION = YES;
				CLANG_WARN_OBJC_ROOT_CLASS = YES_ERROR;
				CLANG_WARN_QUOTED_INCLUDE_IN_FRAMEWORK_HEADER = YES;
				CLANG_WARN_RANGE_LOOP_ANALYSIS = YES;
				CLANG_WARN_STRICT_PROTOTYPES = YES;
				CLANG_WARN_SUSPICIOUS_MOVE = YES;
				CLANG_WARN_UNGUARDED_AVAILABILITY = YES_AGGRESSIVE;
				CLANG_WARN_UNREACHABLE_CODE = YES;
				CLANG_WARN__DUPLICATE_METHOD_MATCH = YES;
				COPY_PHASE_STRIP = NO;
				DEBUG_INFORMATION_FORMAT = "dwarf-with-dsym";
				ENABLE_NS_ASSERTIONS = NO;
				ENABLE_STRICT_OBJC_MSGSEND = YES;
				ENABLE_USER_SCRIPT_SANDBOXING = YES;
				GCC_C_LANGUAGE_STANDARD = gnu17;
				GCC_NO_COMMON_BLOCKS = YES;
				GCC_WARN_64_TO_32_BIT_CONVERSION = YES;
				GCC_WARN_ABOUT_RETURN_TYPE = YES_ERROR;
				GCC_WARN_UNDECLARED_SELECTOR = YES;
				GCC_WARN_UNINITIALIZED_AUTOS = YES_AGGRESSIVE;
				GCC_WARN_UNUSED_FUNCTION = YES;
				GCC_WARN_UNUSED_VARIABLE = YES;
				IPHONEOS_DEPLOYMENT_TARGET = 17.0;
				LOCALIZATION_PREFERS_STRING_CATALOGS = YES;
				MTL_ENABLE_DEBUG_INFO = NO;
				MTL_FAST_MATH = YES;
				SDKROOT = iphoneos;
				SWIFT_COMPILATION_MODE = wholemodule;
				VALIDATE_PRODUCT = YES;
			};
			name = Release;
		};
		FA605B7D2B55580B0046AB81 /* Debug */ = {
			isa = XCBuildConfiguration;
			buildSettings = {
				ASSETCATALOG_COMPILER_APPICON_NAME = AppIcon;
				ASSETCATALOG_COMPILER_GLOBAL_ACCENT_COLOR_NAME = AccentColor;
				CODE_SIGN_STYLE = Automatic;
				CURRENT_PROJECT_VERSION = 1;
				DEVELOPMENT_ASSET_PATHS = "\"LE-MMA-style-page/Preview Content\"";
				DEVELOPMENT_TEAM = XF36CTA732;
				ENABLE_PREVIEWS = YES;
				ENABLE_USER_SCRIPT_SANDBOXING = NO;
				GENERATE_INFOPLIST_FILE = YES;
				INFOPLIST_KEY_UIApplicationSceneManifest_Generation = YES;
				INFOPLIST_KEY_UIApplicationSupportsIndirectInputEvents = YES;
				INFOPLIST_KEY_UILaunchScreen_Generation = YES;
				INFOPLIST_KEY_UISupportedInterfaceOrientations_iPad = "UIInterfaceOrientationPortrait UIInterfaceOrientationPortraitUpsideDown UIInterfaceOrientationLandscapeLeft UIInterfaceOrientationLandscapeRight";
				INFOPLIST_KEY_UISupportedInterfaceOrientations_iPhone = "UIInterfaceOrientationPortrait UIInterfaceOrientationLandscapeLeft UIInterfaceOrientationLandscapeRight";
				LD_RUNPATH_SEARCH_PATHS = (
					"$(inherited)",
					"@executable_path/Frameworks",
				);
				MARKETING_VERSION = 1.0;
				OTHER_LDFLAGS = (
					"-Xlinker",
					"-interposable",
				);
				PRODUCT_BUNDLE_IDENTIFIER = "kulakdev.LE-MMA-style-page";
				PRODUCT_NAME = "$(TARGET_NAME)";
				SWIFT_EMIT_LOC_STRINGS = YES;
				SWIFT_VERSION = 5.0;
				TARGETED_DEVICE_FAMILY = "1,2";
			};
			name = Debug;
		};
		FA605B7E2B55580B0046AB81 /* Release */ = {
			isa = XCBuildConfiguration;
			buildSettings = {
				ASSETCATALOG_COMPILER_APPICON_NAME = AppIcon;
				ASSETCATALOG_COMPILER_GLOBAL_ACCENT_COLOR_NAME = AccentColor;
				CODE_SIGN_STYLE = Automatic;
				CURRENT_PROJECT_VERSION = 1;
				DEVELOPMENT_ASSET_PATHS = "\"LE-MMA-style-page/Preview Content\"";
				DEVELOPMENT_TEAM = XF36CTA732;
				ENABLE_PREVIEWS = YES;
				ENABLE_USER_SCRIPT_SANDBOXING = NO;
				GENERATE_INFOPLIST_FILE = YES;
				INFOPLIST_KEY_UIApplicationSceneManifest_Generation = YES;
				INFOPLIST_KEY_UIApplicationSupportsIndirectInputEvents = YES;
				INFOPLIST_KEY_UILaunchScreen_Generation = YES;
				INFOPLIST_KEY_UISupportedInterfaceOrientations_iPad = "UIInterfaceOrientationPortrait UIInterfaceOrientationPortraitUpsideDown UIInterfaceOrientationLandscapeLeft UIInterfaceOrientationLandscapeRight";
				INFOPLIST_KEY_UISupportedInterfaceOrientations_iPhone = "UIInterfaceOrientationPortrait UIInterfaceOrientationLandscapeLeft UIInterfaceOrientationLandscapeRight";
				LD_RUNPATH_SEARCH_PATHS = (
					"$(inherited)",
					"@executable_path/Frameworks",
				);
				MARKETING_VERSION = 1.0;
				OTHER_LDFLAGS = (
					"-Xlinker",
					"-interposable",
				);
				PRODUCT_BUNDLE_IDENTIFIER = "kulakdev.LE-MMA-style-page";
				PRODUCT_NAME = "$(TARGET_NAME)";
				SWIFT_EMIT_LOC_STRINGS = YES;
				SWIFT_VERSION = 5.0;
				TARGETED_DEVICE_FAMILY = "1,2";
			};
			name = Release;
		};
/* End XCBuildConfiguration section */

/* Begin XCConfigurationList section */
		FA605B692B55580A0046AB81 /* Build configuration list for PBXProject "LE-MMA-style-page" */ = {
			isa = XCConfigurationList;
			buildConfigurations = (
				FA605B7A2B55580B0046AB81 /* Debug */,
				FA605B7B2B55580B0046AB81 /* Release */,
			);
			defaultConfigurationIsVisible = 0;
			defaultConfigurationName = Release;
		};
		FA605B7C2B55580B0046AB81 /* Build configuration list for PBXNativeTarget "LE-MMA-style-page" */ = {
			isa = XCConfigurationList;
			buildConfigurations = (
				FA605B7D2B55580B0046AB81 /* Debug */,
				FA605B7E2B55580B0046AB81 /* Release */,
			);
			defaultConfigurationIsVisible = 0;
			defaultConfigurationName = Release;
		};
/* End XCConfigurationList section */

/* Begin XCRemoteSwiftPackageReference section */
		FA2F00522B55A36000125AD9 /* XCRemoteSwiftPackageReference "SwiftFX" */ = {
			isa = XCRemoteSwiftPackageReference;
			repositoryURL = "https://github.com/heestand-xyz/SwiftFX";
			requirement = {
				kind = upToNextMajorVersion;
				minimumVersion = 1.0.0;
			};
		};
		FA605B7F2B555EF80046AB81 /* XCRemoteSwiftPackageReference "SwiftLint" */ = {
			isa = XCRemoteSwiftPackageReference;
			repositoryURL = "https://github.com/realm/SwiftLint";
			requirement = {
				kind = upToNextMajorVersion;
				minimumVersion = 0.54.0;
			};
		};
		FAEF6E1D2B5C4ECF003BE956 /* XCRemoteSwiftPackageReference "Inject" */ = {
			isa = XCRemoteSwiftPackageReference;
			repositoryURL = "https://github.com/krzysztofzablocki/Inject";
			requirement = {
				kind = upToNextMajorVersion;
				minimumVersion = 1.3.0;
			};
		};
/* End XCRemoteSwiftPackageReference section */

/* Begin XCSwiftPackageProductDependency section */
		FAEF6E1E2B5C4ECF003BE956 /* Inject */ = {
			isa = XCSwiftPackageProductDependency;
			package = FAEF6E1D2B5C4ECF003BE956 /* XCRemoteSwiftPackageReference "Inject" */;
			productName = Inject;
		};
/* End XCSwiftPackageProductDependency section */
	};
	rootObject = FA605B662B55580A0046AB81 /* Project object */;
}
